
Microsoft Visual Studio Solution File, Format Version 12.00
# Visual Studio Version 17
VisualStudioVersion = 17.4.33205.214
MinimumVisualStudioVersion = 10.0.40219.1
Project("{FAE04EC0-301F-11D3-BF4B-00C04F79EFBC}") = "CatalogoDeComercio", "CatálogoDeComercio\CatalogoDeComercio.csproj", "{8F4608BC-C375-439A-B9F7-4D067B8CD70E}"
EndProject
Project("{FAE04EC0-301F-11D3-BF4B-00C04F79EFBC}") = "dominio", "dominio\dominio.csproj", "{60F4B703-8199-47C5-981D-8F019F43E1FA}"
EndProject
Project("{FAE04EC0-301F-11D3-BF4B-00C04F79EFBC}") = "ComercioNegocio", "ComercioCatalogoNegocio\ComercioNegocio.csproj", "{4F562E20-B6DF-463E-AE59-9634E6059900}"
EndProject
Global
	GlobalSection(SolutionConfigurationPlatforms) = preSolution
		Debug|Any CPU = Debug|Any CPU
		Release|Any CPU = Release|Any CPU
	EndGlobalSection
	GlobalSection(ProjectConfigurationPlatforms) = postSolution
		{8F4608BC-C375-439A-B9F7-4D067B8CD70E}.Debug|Any CPU.ActiveCfg = Debug|Any CPU
		{8F4608BC-C375-439A-B9F7-4D067B8CD70E}.Debug|Any CPU.Build.0 = Debug|Any CPU
		{8F4608BC-C375-439A-B9F7-4D067B8CD70E}.Release|Any CPU.ActiveCfg = Release|Any CPU
		{8F4608BC-C375-439A-B9F7-4D067B8CD70E}.Release|Any CPU.Build.0 = Release|Any CPU
		{60F4B703-8199-47C5-981D-8F019F43E1FA}.Debug|Any CPU.ActiveCfg = Debug|Any CPU
		{60F4B703-8199-47C5-981D-8F019F43E1FA}.Debug|Any CPU.Build.0 = Debug|Any CPU
		{60F4B703-8199-47C5-981D-8F019F43E1FA}.Release|Any CPU.ActiveCfg = Release|Any CPU
		{60F4B703-8199-47C5-981D-8F019F43E1FA}.Release|Any CPU.Build.0 = Release|Any CPU
		{4F562E20-B6DF-463E-AE59-9634E6059900}.Debug|Any CPU.ActiveCfg = Debug|Any CPU
		{4F562E20-B6DF-463E-AE59-9634E6059900}.Debug|Any CPU.Build.0 = Debug|Any CPU
		{4F562E20-B6DF-463E-AE59-9634E6059900}.Release|Any CPU.ActiveCfg = Release|Any CPU
		{4F562E20-B6DF-463E-AE59-9634E6059900}.Release|Any CPU.Build.0 = Release|Any CPU
	EndGlobalSection
	GlobalSection(SolutionProperties) = preSolution
		HideSolutionNode = FALSE
	EndGlobalSection
	GlobalSection(ExtensibilityGlobals) = postSolution
		SolutionGuid = {FE88E539-9E91-4F42-A867-B467BFADC39B}
	EndGlobalSection
EndGlobal
